{
    "_meta": {
        "hash": {
            "sha256": "456f49d7dab58dd949b035586a459abe09c01b4ef56fb243260c2f291da2aa19"
        },
        "pipfile-spec": 6,
        "requires": {},
        "sources": [
            {
                "name": "pypi",
                "url": "https://pypi.org/simple",
                "verify_ssl": true
            }
        ]
    },
    "default": {
        "annotated-doc": {
            "hashes": [
                "sha256:571ac1dc6991c450b25a9c2d84a3705e2ae7a53467b5d111c24fa8baabbed320",
                "sha256:fbcda96e87e9c92ad167c2e53839e57503ecfda18804ea28102353485033faa4"
            ],
            "markers": "python_version >= '3.8'",
            "version": "==0.0.4"
        },
        "annotated-types": {
            "hashes": [
                "sha256:1f02e8b43a8fbbc3f3e0d4f0f4bfc8131bcb4eebe8849b8e5c773f3a1c582a53",
                "sha256:aff07c09a53a08bc8cfccb9c85b05f1aa9a2a6f23728d790723543408344ce89"
            ],
            "markers": "python_version >= '3.8'",
            "version": "==0.7.0"
        },
        "anyio": {
            "hashes": [
                "sha256:41cfcc3a4c85d3f05c932da7c26d0201ac36f72abd4435ba90d0464a3ffed703",
                "sha256:d405828884fc140aa80a3c667b8beed277f1dfedec42ba031bd6ac3db606ab6c"
            ],
            "markers": "python_version >= '3.9'",
            "version": "==4.12.1"
        },
        "click": {
            "hashes": [
                "sha256:12ff4785d337a1bb490bb7e9c2b1ee5da3112e94a8622f26a6c77f5d2fc6842a",
                "sha256:981153a64e25f12d547d3426c367a4857371575ee7ad18df2a6183ab0545b2a6"
            ],
            "markers": "python_version >= '3.10'",
            "version": "==8.3.1"
        },
        "co2meter": {
            "hashes": [
                "sha256:a12a15bafcc05a508dde944fb818e06377ecb63c2037e87b73a92b92d3a3128f",
                "sha256:fcd8341b62f382b9d1a46aba783bcbd35785a035a88d69314a269b43def1e375"
            ],
            "index": "pypi",
            "version": "==0.2.6"
        },
        "fastapi": {
            "hashes": [
                "sha256:61315cebd2e65df5f97ec298c888f9de30430dd0612d59d6480beafbc10655af",
                "sha256:b4946880e48f462692b31c083be0432275cbfb6e2274566b1be91479cc1a84ec"
            ],
            "index": "pypi",
            "markers": "python_version >= '3.10'",
            "version": "==0.129.0"
        },
        "future": {
            "hashes": [
                "sha256:929292d34f5872e70396626ef385ec22355a1fae8ad29e1a734c3e43f9fbc216",
                "sha256:bd2968309307861edae1458a4f8a4f3598c03be43b97521076aebf5d94c07b05"
            ],
            "markers": "python_version >= '2.6' and python_version not in '3.0, 3.1, 3.2'",
            "version": "==1.0.0"
        },
        "h11": {
            "hashes": [
                "sha256:4e35b956cf45792e4caa5885e69fba00bdbc6ffafbfa020300e549b208ee5ff1",
                "sha256:63cf8bbe7522de3bf65932fda1d9c2772064ffb3dae62d55932da54b31cb6c86"
            ],
            "markers": "python_version >= '3.8'",
            "version": "==0.16.0"
        },
        "hidapi": {
            "hashes": [
                "sha256:005c84c74c940a314b211674edc763a931ace0b63685ace88148496f563e25f9",
                "sha256:04e0c1ed6d742bc6e1d00599394bec6b2afb8ee2fc5a0a183d3c4c2d4e315c34",
                "sha256:0608a882f06d7f37e0f1786e255e9a8b1e2386fdb8f9fb9d209b82682551f4b8",
                "sha256:06fbcd7696ad768d7e9500b64e2ae742b5d90a2531b5aa8d355c0f049516a09d",
                "sha256:0a6bb079bcd5152dd8968893aecdcbde3954b849896078f54df2254c0d1f301e",
                "sha256:0b7eb950214191c936b5bdabaeaf1cab99c0dfc3ae3edc220e3c6d4547296053",
                "sha256:1c4e707c82629637a311fa1a7adc1ae1386de7b539e84b4e37125e52e449318d",
                "sha256:1fa3e792987d4b7ed66d785491307e23d4f09d3636f8a23665a9694c43e92409",
                "sha256:208c7fc89f78c3448d55957c3e12893778aa91218ed7dc22697e554f091fe4fe",
                "sha256:221e3a0c181503061bfc4a672eccd9f86b1da1167b31914be00d919edfd6e1bf",
                "sha256:27933e7f3da7007e5e8d0b25bcf48a79a74e802555e496bba2c7d87f8a77cd61",
                "sha256:27d288d405bd4abedd047eefb9c4ab797d232454b35e17e7b61a03edf70c64e8",
                "sha256:28e2d94d0f08e2a63ede843aa58386e0dcf1aecdc730a30f9c47535cd77d9017",
                "sha256:2c35bd9cc62227ec91047e36b260f75bdbf50814f3cf3c3b28648ac3ffabd9d7",
                "sha256:2f16e9ea8a1d24ac7a6bf316905823eafd58f78ec815a93118d4710faf95a224",
                "sha256:2f4516343baed032c2768d1074a3534fce783a06381314e99a575e945df35dbd",
                "sha256:35eb5797d86306bd67aee80ad8973ab0a0b4e6d54018d3efb328767d0e8c9373",
                "sha256:3d220314975b99a083f4ee21abfd796a9ceeb99cbf3487a41c5eb80269102a4a",
                "sha256:47e4e3b1fccd338be4d2429b66b52b3470c8c67c4a9f35a6c21ef41cbe3a0fa2",
                "sha256:48e79274384c23b250bc95016c8aa6497cf0a23b3a112d05376cbf5ace266886",
                "sha256:4b7b6207c1c7df3524e9d4019c7196547327636e9924010b9b0bf0c40029e329",
                "sha256:4f7a710df215ea3b53a81029488f78e7303b83f01a2e8478db20d7c9756588dd",
                "sha256:51532033b67e4a8a839d747c903ee3dfd2ac7d7a5af27fd6409effe8edbb7df6",
                "sha256:53d018e6ac639a217c019c6dcd79a1d30c2401ac7a8147eedd11f2aa29307661",
                "sha256:541c85b8225ce19b38ceacd404283ca1857345ccfa7ca12f54131203ff2d7f75",
                "sha256:5b9f6d2f3bc15c718d8e2ce349d2d019a0fcc343ed1a705a91d0f1c7e792d6ea",
                "sha256:6106d10873c1e465a2764e979fb96ec0d16bb926eedac829310830f90816cc76",
                "sha256:68cb85467151a3d4aa6ab4e11ca89a87c2404a778dbccb8fb5ae51e998133bb3",
                "sha256:6ef0f80b2ff32ba446c9a2d4bfca6623ab5f0c05d742a0161ea1f7af2dc33b12",
                "sha256:74900b5c7e884e0e4316d4deb746e5dd294b5aaaf90eac056c4f9f19cf2c8097",
                "sha256:75c2d3b83a8300953653ddd7f5190d5ee6072d4a6ee5944db47e92d97344ed92",
                "sha256:76236468509dfcb256fa0fbd5a73708c598b3819695b7d08499ae489c82116b6",
                "sha256:77f0965ca81a9be44694e84aa18e501d5cda49e372202a38a52d22acc38deadd",
                "sha256:788e16711a4530a2a7a8a4cd942f7250fa7f907a3be892b11d8eb51ec697739a",
                "sha256:8017f2213810c3e57d9ab64c2328c593a1129b25804240108a6451fe35cde193",
                "sha256:81de6b5fcb4fbbbfc71c6d201a2ac6914d1d86e51930ffde5f96faf50e922473",
                "sha256:8466260e6a334f7743dc0646abf39ad68afc2be7b3e76d0313d4afe1146beca8",
                "sha256:89f909a6783307c2f067e8e7948f38ec43386f15d04759d11e5b32e3b2fdf3d8",
                "sha256:8f7ca38699557ab057333f1628a346073ae6088c09897b2cd9fbc68f4896780c",
                "sha256:901c03817306eac7edd589f09e0e07467871b45f665949cc4caa645b54abc97b",
                "sha256:908e4b8c35041aa800b51094fd9fbaa5d6161bfb71e55821f43c6433f54e2865",
                "sha256:90f8bd963ae43a44036af5d689d090fab0e3eb52861186e4d2b863dd910a2726",
                "sha256:91b43099b123363c8935a264acffb4c7e5c8dba3390f9b2bf19ff76597677a31",
                "sha256:9abc71a62bf8a8f1d70a6fd3613f86feb37ddb67e05ed934e734df79e27bf4f6",
                "sha256:a11ef4b5ab0a2f36e35f44af394bff41cb645b03ce36c5b2f2c00873f112661f",
                "sha256:aefc2afd146733e3ec8b33474bfb832c9281dd106309a216a20bade19dc0e95f",
                "sha256:b0e1781f7fb8b4015e318d839d66fa79e98900d53900e31d04edb336e0103846",
                "sha256:b0f4411fd479345ca86742d9dda77200476a902749d8e47ed438f31ec98af418",
                "sha256:b2de66142cf780ee7c797b7c35e488d67bccdf2de98178ac12a4038c490c44ea",
                "sha256:b676f6cb2c4990ea56c8de1f154582d1fb8cfc44bc9c6522a3182df080bdb128",
                "sha256:bc61ab7f45dddbb2df2fca93565c575c0b035337d1e13ce2868c092ff24e9c47",
                "sha256:bda6ce04a77662e77a4b6b2598211935ca281e1cf663248d54bce75bd684fed8",
                "sha256:c36895abaef3a4004af6c5020ca214fcdacb2a491e4cde5576afbb1dad903548",
                "sha256:c49aa659ecfe46a93a7057bca42208bfd123c2fcbdfd4a28eb1f9b8189260b68",
                "sha256:c5f7ee9ce8e3373fdb7002497f16bc652d9d4acf20c91275877f55165caf6f0c",
                "sha256:cb835b81624a72830e5ebebde26b93ab5ee812de648386a47d13dfbf64b348c7",
                "sha256:cc99bb16b359023190bf857297f6492a1c8441ccacff66dac881c9e278f5c262",
                "sha256:cce33c262ad86a84b741d8f1c6e87eb8a98e424f6c2f9ebdf9a4a9b72b7ad214",
                "sha256:cd6edc7af885755163f4ffb29639c14f8a4ad5cca13ed641e47aa11f9646d8b6",
                "sha256:ce6f99554dae15c48cd89a12d5aede77a92a8bd184b45d0b257a17c97e053cdb",
                "sha256:cea09ccc3efa5b92ab18d3ae8636836edce2c421d67ed4409761da090e230e5a",
                "sha256:cfdbc74d5c4b5fdeef58a246d80f7dbf4ca33fe741c889505a4a350dd2eb54fb",
                "sha256:d358744d2a68d04df435f1838fd6d3c000cac5e2e668aba50e3e25fb2eb6ca75",
                "sha256:d80c745d285dfc9889e856226daa8eee6f9e83025ef2cb97e5fe0b1396f7818a",
                "sha256:d93f7173dcbec61b928f4cf800bf26535f81ef3b7bd89199237207f6ca7e4f43",
                "sha256:dacf0b9e5d776fde69b92d68c09ab878a09486629e1fe8e6ae851252b0f33ce5",
                "sha256:df0dd435562654e27ad0c7d045074eb1e1e016b09167dd48a258dec1ce4b9127",
                "sha256:e283c3e9255850d66152adbf580744d38c840d399141b98d64d359cb97cbc128",
                "sha256:e384430363d400c4ffb33fe65f22a61c9f288a870158dc5a9f5c9d917b7250c7",
                "sha256:e47d4fe13ddfc63fd1961974e10f3c7d50a57ae0bb73974e465cfe95dad5da18",
                "sha256:e4bf11067d290a7f45c0be73232093820ab62954aad4dbc77884cf6b87a11d84",
                "sha256:e4ddb57e71e2b8aca2c685b94b8587dc7d7cfae3c529a7c4076ba0775eb28d4a",
                "sha256:ecbc265cbe8b7b88755f421e0ba25f084091ec550c2b90ff9e8ddd4fcd540311",
                "sha256:ef3b43b1a4d4df8ea542487cda888138eaac4707db46bbca0f7bb78d97a06323",
                "sha256:f336dd2dc308928d54a6fdce137814a941a3633ad6722919d7a3142dd99005c2",
                "sha256:f39917c9e9bea895384b1a8869159d808b4a53561af9b4f7c3148bdf6bfd97a0",
                "sha256:f4d294fcd2551fb5b41d5f478a08e8945382e1d86d7d40320d02594922d6b667",
                "sha256:f90042665e0a23613938bfd0f51ce9c37143b954f00ad02d40a33553397bcf73",
                "sha256:f9356fffebf723ccfbf0f9370d3725de37b3e2f1f6bffc40c3466f854542861c",
                "sha256:fd082e13ca92bbd7a4ec65d9fbd9ef06ecd71798ce9f036b7144b3d498623a7e",
                "sha256:fd32f311633fad21a52e750775cd4ea23da912199c63d1331f4d8ae00ab0874b"
            ],
            "version": "==0.15.0"
        },
        "idna": {
            "hashes": [
                "sha256:771a87f49d9defaf64091e6e6fe9c18d4833f140bd19464795bc32d966ca37ea",
                "sha256:795dafcc9c04ed0c1fb032c2aa73654d8e8c5023a7df64a53f39190ada629902"
            ],
            "markers": "python_version >= '3.8'",
            "version": "==3.11"
        },
        "prometheus-client": {
            "hashes": [
                "sha256:150db128af71a5c2482b36e588fc8a6b95e498750da4b17065947c16070f4055",
                "sha256:7e0ced7fbbd40f7b84962d5d2ab6f17ef88a72504dcf7c0b40737b43b2a461f9"
            ],
            "index": "pypi",
            "version": "==0.24.1"
        },
        "pydantic": {
            "hashes": [
                "sha256:4d351024c75c0f085a9febbb665ce8c0c6ec5d30e903bdb6394b7ede26aebb49",
                "sha256:e561593fccf61e8a20fc46dfc2dfe075b8be7d0188df33f221ad1f0139180f9d"
            ],
            "markers": "python_version >= '3.9'",
            "version": "==2.12.5"
        },
        "pydantic-core": {
            "hashes": [
                "sha256:0177272f88ab8312479336e1d777f6b124537d47f2123f89cb37e0accea97f90",
                "sha256:01a3d0ab748ee531f4ea6c3e48ad9dac84ddba4b0d82291f87248f2f9de8d740",
                "sha256:0384e2e1021894b1ff5a786dbf94771e2986ebe2869533874d7e43bc79c6f504",
                "sha256:03b77d184b9eb40240ae9fd676ca364ce1085f203e1b1256f8ab9984dca80a84",
                "sha256:03ca43e12fab6023fc79d28ca6b39b05f794ad08ec2feccc59a339b02f2b3d33",
                "sha256:05a2c8852530ad2812cb7914dc61a1125dc4e06252ee98e5638a12da6cc6fb6c",
                "sha256:070259a8818988b9a84a449a2a7337c7f430a22acc0859c6b110aa7212a6d9c0",
                "sha256:08daa51ea16ad373ffd5e7606252cc32f07bc72b28284b6bc9c6df804816476e",
                "sha256:0cbaad15cb0c90aa221d43c00e77bb33c93e8d36e0bf74760cd00e732d10a6a0",
                "sha256:100baa204bb412b74fe285fb0f3a385256dad1d1879f0a5cb1499ed2e83d132a",
                "sha256:112e305c3314f40c93998e567879e887a3160bb8689ef3d2c04b6cc62c33ac34",
                "sha256:16f80f7abe3351f8ea6858914ddc8c77e02578544a0ebc15b4c2e1a0e813b0b2",
                "sha256:1746d4a3d9a794cacae06a5eaaccb4b8643a131d45fbc9af23e353dc0a5ba5c3",
                "sha256:1962293292865bca8e54702b08a4f26da73adc83dd1fcf26fbc875b35d81c815",
                "sha256:1d1d9764366c73f996edd17abb6d9d7649a7eb690006ab6adbda117717099b14",
                "sha256:1f8d33a7f4d5a7889e60dc39856d76d09333d8a6ed0f5f1190635cbec70ec4ba",
                "sha256:22f0fb8c1c583a3b6f24df2470833b40207e907b90c928cc8d3594b76f874375",
                "sha256:239edca560d05757817c13dc17c50766136d21f7cd0fac50295499ae24f90fdf",
                "sha256:242a206cd0318f95cd21bdacff3fcc3aab23e79bba5cac3db5a841c9ef9c6963",
                "sha256:25e1c2af0fce638d5f1988b686f3b3ea8cd7de5f244ca147c777769e798a9cd1",
                "sha256:266fb4cbf5e3cbd0b53669a6d1b039c45e3ce651fd5442eff4d07c2cc8d66808",
                "sha256:2782c870e99878c634505236d81e5443092fba820f0373997ff75f90f68cd553",
                "sha256:287dad91cfb551c363dc62899a80e9e14da1f0e2b6ebde82c806612ca2a13ef1",
                "sha256:29452c56df2ed968d18d7e21f4ab0ac55e71dc59524872f6fc57dcf4a3249ed2",
                "sha256:299e0a22e7ae2b85c1a57f104538b2656e8ab1873511fd718a1c1c6f149b77b5",
                "sha256:2a5e06546e19f24c6a96a129142a75cee553cc018ffee48a460059b1185f4470",
                "sha256:2b761d210c9ea91feda40d25b4efe82a1707da2ef62901466a42492c028553a2",
                "sha256:2c010c6ded393148374c0f6f0bf89d206bf3217f201faa0635dcd56bd1520f6b",
                "sha256:2ff4321e56e879ee8d2a879501c8e469414d948f4aba74a2d4593184eb326660",
                "sha256:3006c3dd9ba34b0c094c544c6006cc79e87d8612999f1a5d43b769b89181f23c",
                "sha256:33cb885e759a705b426baada1fe68cbb0a2e68e34c5d0d0289a364cf01709093",
                "sha256:346285d28e4c8017da95144c7f3acd42740d637ff41946af5ce6e5e420502dd5",
                "sha256:34a64bc3441dc1213096a20fe27e8e128bd3ff89921706e83c0b1ac971276594",
                "sha256:35b44f37a3199f771c3eaa53051bc8a70cd7b54f333531c59e29fd4db5d15008",
                "sha256:378bec5c66998815d224c9ca994f1e14c0c21cb95d2f52b6021cc0b2a58f2a5a",
                "sha256:3f37a19d7ebcdd20b96485056ba9e8b304e27d9904d233d7b1015db320e51f0a",
                "sha256:3f84d5c1b4ab906093bdc1ff10484838aca54ef08de4afa9de0f5f14d69639cd",
                "sha256:4009935984bd36bd2c774e13f9a09563ce8de4abaa7226f5108262fa3e637284",
                "sha256:406bf18d345822d6c21366031003612b9c77b3e29ffdb0f612367352aab7d586",
                "sha256:4819fa52133c9aa3c387b3328f25c1facc356491e6135b459f1de698ff64d869",
                "sha256:482c982f814460eabe1d3bb0adfdc583387bd4691ef00b90575ca0d2b6fe2294",
                "sha256:4bc36bbc0b7584de96561184ad7f012478987882ebf9f9c389b23f432ea3d90f",
                "sha256:506d766a8727beef16b7adaeb8ee6217c64fc813646b424d0804d67c16eddb66",
                "sha256:56121965f7a4dc965bff783d70b907ddf3d57f6eba29b6d2e5dabfaf07799c51",
                "sha256:58133647260ea01e4d0500089a8c4f07bd7aa6ce109682b1426394988d8aaacc",
                "sha256:5921a4d3ca3aee735d9fd163808f5e8dd6c6972101e4adbda9a4667908849b97",
                "sha256:5a4e67afbc95fa5c34cf27d9089bca7fcab4e51e57278d710320a70b956d1b9a",
                "sha256:5cb1b2f9742240e4bb26b652a5aeb840aa4b417c7748b6f8387927bc6e45e40d",
                "sha256:62de39db01b8d593e45871af2af9e497295db8d73b085f6bfd0b18c83c70a8f9",
                "sha256:634e8609e89ceecea15e2d61bc9ac3718caaaa71963717bf3c8f38bfde64242c",
                "sha256:63510af5e38f8955b8ee5687740d6ebf7c2a0886d15a6d65c32814613681bc07",
                "sha256:650ae77860b45cfa6e2cdafc42618ceafab3a2d9a3811fcfbd3bbf8ac3c40d36",
                "sha256:6561e94ba9dacc9c61bce40e2d6bdc3bfaa0259d3ff36ace3b1e6901936d2e3e",
                "sha256:65840751b72fbfd82c3c640cff9284545342a4f1eb1586ad0636955b261b0b05",
                "sha256:6cb58b9c66f7e4179a2d5e0f849c48eff5c1fca560994d6eb6543abf955a149e",
                "sha256:6f52298fbd394f9ed112d56f3d11aabd0d5bd27beb3084cc3d8ad069483b8941",
                "sha256:707625ef0983fcfb461acfaf14de2067c5942c6bb0f3b4c99158bed6fedd3cf3",
                "sha256:72f6c8b11857a856bcfa48c86f5368439f74453563f951e473514579d44aa612",
                "sha256:753e230374206729bf0a807954bcc6c150d3743928a73faffee51ac6557a03c3",
                "sha256:76d0819de158cd855d1cbb8fcafdf6f5cf1eb8e470abe056d5d161106e38062b",
                "sha256:76ee27c6e9c7f16f47db7a94157112a2f3a00e958bc626e2f4ee8bec5c328fbe",
                "sha256:77b63866ca88d804225eaa4af3e664c5faf3568cea95360d21f4725ab6e07146",
                "sha256:79ec52ec461e99e13791ec6508c722742ad745571f234ea6255bed38c6480f11",
                "sha256:7b93a4d08587e2b7e7882de461e82b6ed76d9026ce91ca7915e740ecc7855f60",
                "sha256:7da7087d756b19037bc2c06edc6c170eeef3c3bafcb8f532ff17d64dc427adfd",
                "sha256:7f3bf998340c6d4b0c9a2f02d6a400e51f123b59565d74dc60d252ce888c260b",
                "sha256:80aa89cad80b32a912a65332f64a4450ed00966111b6615ca6816153d3585a8c",
                "sha256:8566def80554c3faa0e65ac30ab0932b9e3a5cd7f8323764303d468e5c37595a",
                "sha256:873e0d5b4fb9b89ef7c2d2a963ea7d02879d9da0da8d9d4933dee8ee86a8b460",
                "sha256:88942d3a3dff3afc8288c21e565e476fc278902ae4d6d134f1eeda118cc830b1",
                "sha256:8bfeaf8735be79f225f3fefab7f941c712aaca36f1128c9d7e2352ee1aa87bdf",
                "sha256:8e7c86f27c585ef37c35e56a96363ab8de4e549a95512445b85c96d3e2f7c1bf",
                "sha256:915c3d10f81bec3a74fbd4faebe8391013ba61e5a1a8d48c4455b923bdda7858",
                "sha256:93e8740d7503eb008aa2df04d3b9735f845d43ae845e6dcd2be0b55a2da43cd2",
                "sha256:941103c9be18ac8daf7b7adca8228f8ed6bb7a1849020f643b3a14d15b1924d9",
                "sha256:97aeba56665b4c3235a0e52b2c2f5ae9cd071b8a8310ad27bddb3f7fb30e9aa2",
                "sha256:a39455728aabd58ceabb03c90e12f71fd30fa69615760a075b9fec596456ccc3",
                "sha256:a3a52f6156e73e7ccb0f8cced536adccb7042be67cb45f9562e12b319c119da6",
                "sha256:a668ce24de96165bb239160b3d854943128f4334822900534f2fe947930e5770",
                "sha256:a75dafbf87d6276ddc5b2bf6fae5254e3d0876b626eb24969a574fff9149ee5d",
                "sha256:aabf5777b5c8ca26f7824cb4a120a740c9588ed58df9b2d196ce92fba42ff8dc",
                "sha256:aec5cf2fd867b4ff45b9959f8b20ea3993fc93e63c7363fe6851424c8a7e7c23",
                "sha256:b2379fa7ed44ddecb5bfe4e48577d752db9fc10be00a6b7446e9663ba143de26",
                "sha256:b4ececa40ac28afa90871c2cc2b9ffd2ff0bf749380fbdf57d165fd23da353aa",
                "sha256:b5819cd790dbf0c5eb9f82c73c16b39a65dd6dd4d1439dcdea7816ec9adddab8",
                "sha256:b74557b16e390ec12dca509bce9264c3bbd128f8a2c376eaa68003d7f327276d",
                "sha256:b80aa5095cd3109962a298ce14110ae16b8c1aece8b72f9dafe81cf597ad80b3",
                "sha256:b93590ae81f7010dbe380cdeab6f515902ebcbefe0b9327cc4804d74e93ae69d",
                "sha256:b96d5f26b05d03cc60f11a7761a5ded1741da411e7fe0909e27a5e6a0cb7b034",
                "sha256:bd3d54f38609ff308209bd43acea66061494157703364ae40c951f83ba99a1a9",
                "sha256:bfea2a5f0b4d8d43adf9d7b8bf019fb46fdd10a2e5cde477fbcb9d1fa08c68e1",
                "sha256:c007fe8a43d43b3969e8469004e9845944f1a80e6acd47c150856bb87f230c56",
                "sha256:c1df3d34aced70add6f867a8cf413e299177e0c22660cc767218373d0779487b",
                "sha256:c23e27686783f60290e36827f9c626e63154b82b116d7fe9adba1fda36da706c",
                "sha256:c8d8b4eb992936023be7dee581270af5c6e0697a8559895f527f5b7105ecd36a",
                "sha256:c9e19dd6e28fdcaa5a1de679aec4141f691023916427ef9bae8584f9c2fb3b0e",
                "sha256:d0d2568a8c11bf8225044aa94409e21da0cb09dcdafe9ecd10250b2baad531a9",
                "sha256:d38548150c39b74aeeb0ce8ee1d8e82696f4a4e16ddc6de7b1d8823f7de4b9b5",
                "sha256:d3a978c4f57a597908b7e697229d996d77a6d3c94901e9edee593adada95ce1a",
                "sha256:d5160812ea7a8a2ffbe233d8da666880cad0cbaf5d4de74ae15c313213d62556",
                "sha256:dc799088c08fa04e43144b164feb0c13f9a0bc40503f8df3e9fde58a3c0c101e",
                "sha256:df3959765b553b9440adfd3c795617c352154e497a4eaf3752555cfb5da8fc49",
                "sha256:dfa8a0c812ac681395907e71e1274819dec685fec28273a28905df579ef137e2",
                "sha256:e25c479382d26a2a41b7ebea1043564a937db462816ea07afa8a44c0866d52f9",
                "sha256:e4f4a984405e91527a0d62649ee21138f8e3d0ef103be488c1dc11a80d7f184b",
                "sha256:e536c98a7626a98feb2d3eaf75944ef6f3dbee447e1f841eae16f2f0a72d8ddc",
                "sha256:e56ba91f47764cc14f1daacd723e3e82d1a89d783f0f5afe9c364b8bb491ccdb",
                "sha256:e672ba74fbc2dc8eea59fb6d4aed6845e6905fc2a8afe93175d94a83ba2a01a0",
                "sha256:e7b576130c69225432866fe2f4a469a85a54ade141d96fd396dffcf607b558f8",
                "sha256:e8465ab91a4bd96d36dde3263f06caa6a8a6019e4113f24dc753d79a8b3a3f82",
                "sha256:e96cea19e34778f8d59fe40775a7a574d95816eb150850a85a7a4c8f4b94ac69",
                "sha256:ece5c59f0ce7d001e017643d8d24da587ea1f74f6993467d85ae8a5ef9d4f42b",
                "sha256:eceb81a8d74f9267ef4081e246ffd6d129da5d87e37a77c9bde550cb04870c1c",
                "sha256:ed2e99c456e3fadd05c991f8f437ef902e00eedf34320ba2b0842bd1c3ca3a75",
                "sha256:f0cd744688278965817fd0839c4a4116add48d23890d468bc436f78beb28abf5",
                "sha256:f14f8f046c14563f8eb3f45f499cc658ab8d10072961e07225e507adb700e93f",
                "sha256:f15489ba13d61f670dcc96772e733aad1a6f9c429cc27574c6cdaed82d0146ad",
                "sha256:f31d95a179f8d64d90f6831d71fa93290893a33148d890ba15de25642c5d075b",
                "sha256:f41a7489d32336dbf2199c8c0a215390a751c5b014c2c1c5366e817202e9cdf7",
                "sha256:f41eb9797986d6ebac5e8edff36d5cef9de40def462311b3eb3eeded1431e425",
                "sha256:f547144f2966e1e16ae626d8ce72b4cfa0caedc7fa28052001c94fb2fcaa1c52"
            ],
            "markers": "python_version >= '3.9'",
            "version": "==2.41.5"
        },
        "starlette": {
            "hashes": [
                "sha256:0029d43eb3d273bc4f83a08720b4912ea4b071087a3b48db01b7c839f7954d74",
                "sha256:834edd1b0a23167694292e94f597773bc3f89f362be6effee198165a35d62933"
            ],
            "markers": "python_version >= '3.10'",
            "version": "==0.52.1"
        },
        "typing-extensions": {
            "hashes": [
                "sha256:0cea48d173cc12fa28ecabc3b837ea3cf6f38c6d1136f85cbaaf598984861466",
                "sha256:f0fa19c6845758ab08074a0cfa8b7aecb71c999ca73d62883bc25cc018c4e548"
            ],
            "markers": "python_version >= '3.9'",
            "version": "==4.15.0"
        },
        "typing-inspection": {
            "hashes": [
                "sha256:4ed1cacbdc298c220f1bd249ed5287caa16f34d44ef4e9c3d0cbad5b521545e7",
                "sha256:ba561c48a67c5958007083d386c3295464928b01faa735ab8547c5692e87f464"
            ],
            "markers": "python_version >= '3.9'",
            "version": "==0.4.2"
        },
        "uvicorn": {
            "hashes": [
                "sha256:09d11cf7008da33113824ee5a1c6422d89fbc2ff476540d69a34c87fab8b571a",
                "sha256:29e35b1d2c36a04b9e180d4007ede3bcb32a85fbdfd6c6aeb3f26839de088187"
            ],
            "index": "pypi",
            "markers": "python_version >= '3.10'",
            "version": "==0.41.0"
        }
    },
    "develop": {
        "astroid": {
            "hashes": [
                "sha256:08d1de40d251cc3dc4a7a12726721d475ac189e4e583d596ece7422bc176bda3",
                "sha256:864a0a34af1bd70e1049ba1e61cee843a7252c826d97825fcee9b2fcbd9e1b14"
            ],
            "markers": "python_full_version >= '3.10.0'",
            "version": "==4.0.3"
        },
        "dill": {
            "hashes": [
                "sha256:1e1ce33e978ae97fcfcff5638477032b801c46c7c65cf717f95fbc2248f79a9d",
                "sha256:423092df4182177d4d8ba8290c8a5b640c66ab35ec7da59ccfa00f6fa3eea5fa"
            ],
            "markers": "python_version >= '3.11'",
            "version": "==0.4.1"
        },
        "isort": {
            "hashes": [
                "sha256:1bcabac8bc3c36c7fb7b98a76c8abb18e0f841a3ba81decac7691008592499c1",
                "sha256:5513527951aadb3ac4292a41a16cbc50dd1642432f5e8c20057d414bdafb4187"
            ],
            "markers": "python_full_version >= '3.10.0'",
            "version": "==7.0.0"
        },
        "mccabe": {
            "hashes": [
                "sha256:348e0240c33b60bbdf4e523192ef919f28cb2c3d7d5c7794f74009290f236325",
                "sha256:6c2d30ab6be0e4a46919781807b4f0d834ebdd6c6e3dca0bda5a15f863427b6e"
            ],
            "markers": "python_version >= '3.6'",
            "version": "==0.7.0"
        },
        "platformdirs": {
            "hashes": [
                "sha256:61d5cdcc6065745cdd94f0f878977f8de9437be93de97c1c12f853c9c0cdcbda",
                "sha256:d03afa3963c806a9bed9d5125c8f4cb2fdaf74a55ab60e5d59b3fde758104d31"
            ],
            "markers": "python_version >= '3.10'",
            "version": "==4.5.1"
        },
        "pylint": {
            "hashes": [
                "sha256:63e06a37d5922555ee2c20963eb42559918c20bd2b21244e4ef426e7c43b92e0",
                "sha256:d9b71674e19b1c36d79265b5887bf8e55278cbe236c9e95d22dc82cf044fdbd2"
            ],
            "index": "pypi",
            "version": "==4.0.4"
        },
        "tomlkit": {
            "hashes": [
                "sha256:592064ed85b40fa213469f81ac584f67a4f2992509a7c3ea2d632208623a3680",
                "sha256:cf00efca415dbd57575befb1f6634c4f42d2d87dbba376128adb42c121b87064"
            ],
            "markers": "python_version >= '3.9'",
            "version": "==0.14.0"
        }
    }
}
