{
    "_meta": {
        "hash": {
            "sha256": "f9a84e5446f647ac5b2e46008e773d158d322d9e35f704153ceae4a02a6388df"
        },
        "pipfile-spec": 6,
        "requires": {},
        "sources": [
            {
                "name": "pypi",
                "url": "https://pypi.org/simple",
                "verify_ssl": true
            }
        ]
    },
    "default": {
        "annotated-doc": {
            "hashes": [
                "sha256:117bac03a25ede5df5440e855b32d556049ca169ead221505badf432fed4b101",
                "sha256:c7e58ce09192557605d8bbd92836d7e1d520ac9580096042c0bfd197efacf1bb"
            ],
            "markers": "python_version >= '3.9'",
            "version": "==0.0.5"
        },
        "annotated-types": {
            "hashes": [
                "sha256:13b2beaad985e05e2d6407ee4c4f35590b11f8d693a258a561055cac8f64cab7",
                "sha256:f072f4d804ea359e4eaf198b1af7a8b0943881a87f31bb764f8bf219bb9419e0"
            ],
            "markers": "python_version >= '3.10'",
            "version": "==0.8.0"
        },
        "anyio": {
            "hashes": [
                "sha256:6152fdbbf9a77fdec97731721bebf7c4c44f7c29b424b0065826173efc7ed101",
                "sha256:9f28306018cbd6d329e64a36d58256edff76dd996fe423bc957326e578b82a94"
            ],
            "markers": "python_version >= '3.10'",
            "version": "==4.15.1"
        },
        "click": {
            "hashes": [
                "sha256:255bc9599cf7748b4b1a446ccc735421bd08a2ae529a8b88597d3de5664ee360",
                "sha256:ba0d2089de75ea0310e2dde03160e6ca10009947fb95a182f9b54021bb272e34"
            ],
            "markers": "python_version >= '3.10'",
            "version": "==8.5.0"
        },
        "co2meter": {
            "hashes": [
                "sha256:a12a15bafcc05a508dde944fb818e06377ecb63c2037e87b73a92b92d3a3128f",
                "sha256:fcd8341b62f382b9d1a46aba783bcbd35785a035a88d69314a269b43def1e375"
            ],
            "index": "pypi",
            "version": "==0.2.6"
        },
        "fastapi": {
            "hashes": [
                "sha256:06366626f2e70576367714d9ab2fe8472e6c8456dba69b399f9f797ab5e92570",
                "sha256:bd5f4d81f1e93a88bcd77caf4dfe3c2dbffc3805407a0007e9a114c18b3a670b"
            ],
            "index": "pypi",
            "markers": "python_version >= '3.10'",
            "version": "==0.142.2"
        },
        "future": {
            "hashes": [
                "sha256:929292d34f5872e70396626ef385ec22355a1fae8ad29e1a734c3e43f9fbc216",
                "sha256:bd2968309307861edae1458a4f8a4f3598c03be43b97521076aebf5d94c07b05"
            ],
            "markers": "python_version >= '2.6' and python_version not in '3.0, 3.1, 3.2'",
            "version": "==1.0.0"
        },
        "h11": {
            "hashes": [
                "sha256:4e35b956cf45792e4caa5885e69fba00bdbc6ffafbfa020300e549b208ee5ff1",
                "sha256:63cf8bbe7522de3bf65932fda1d9c2772064ffb3dae62d55932da54b31cb6c86"
            ],
            "markers": "python_version >= '3.8'",
            "version": "==0.16.0"
        },
        "hidapi": {
            "hashes": [
                "sha256:005c84c74c940a314b211674edc763a931ace0b63685ace88148496f563e25f9",
                "sha256:04e0c1ed6d742bc6e1d00599394bec6b2afb8ee2fc5a0a183d3c4c2d4e315c34",
                "sha256:0608a882f06d7f37e0f1786e255e9a8b1e2386fdb8f9fb9d209b82682551f4b8",
                "sha256:06fbcd7696ad768d7e9500b64e2ae742b5d90a2531b5aa8d355c0f049516a09d",
                "sha256:0a6bb079bcd5152dd8968893aecdcbde3954b849896078f54df2254c0d1f301e",
                "sha256:0b7eb950214191c936b5bdabaeaf1cab99c0dfc3ae3edc220e3c6d4547296053",
                "sha256:1c4e707c82629637a311fa1a7adc1ae1386de7b539e84b4e37125e52e449318d",
                "sha256:1fa3e792987d4b7ed66d785491307e23d4f09d3636f8a23665a9694c43e92409",
                "sha256:208c7fc89f78c3448d55957c3e12893778aa91218ed7dc22697e554f091fe4fe",
                "sha256:221e3a0c181503061bfc4a672eccd9f86b1da1167b31914be00d919edfd6e1bf",
                "sha256:27933e7f3da7007e5e8d0b25bcf48a79a74e802555e496bba2c7d87f8a77cd61",
                "sha256:27d288d405bd4abedd047eefb9c4ab797d232454b35e17e7b61a03edf70c64e8",
                "sha256:28e2d94d0f08e2a63ede843aa58386e0dcf1aecdc730a30f9c47535cd77d9017",
                "sha256:2c35bd9cc62227ec91047e36b260f75bdbf50814f3cf3c3b28648ac3ffabd9d7",
                "sha256:2f16e9ea8a1d24ac7a6bf316905823eafd58f78ec815a93118d4710faf95a224",
                "sha256:2f4516343baed032c2768d1074a3534fce783a06381314e99a575e945df35dbd",
                "sha256:35eb5797d86306bd67aee80ad8973ab0a0b4e6d54018d3efb328767d0e8c9373",
                "sha256:3d220314975b99a083f4ee21abfd796a9ceeb99cbf3487a41c5eb80269102a4a",
                "sha256:47e4e3b1fccd338be4d2429b66b52b3470c8c67c4a9f35a6c21ef41cbe3a0fa2",
                "sha256:48e79274384c23b250bc95016c8aa6497cf0a23b3a112d05376cbf5ace266886",
                "sha256:4b7b6207c1c7df3524e9d4019c7196547327636e9924010b9b0bf0c40029e329",
                "sha256:4f7a710df215ea3b53a81029488f78e7303b83f01a2e8478db20d7c9756588dd",
                "sha256:51532033b67e4a8a839d747c903ee3dfd2ac7d7a5af27fd6409effe8edbb7df6",
                "sha256:53d018e6ac639a217c019c6dcd79a1d30c2401ac7a8147eedd11f2aa29307661",
                "sha256:541c85b8225ce19b38ceacd404283ca1857345ccfa7ca12f54131203ff2d7f75",
                "sha256:5b9f6d2f3bc15c718d8e2ce349d2d019a0fcc343ed1a705a91d0f1c7e792d6ea",
                "sha256:6106d10873c1e465a2764e979fb96ec0d16bb926eedac829310830f90816cc76",
                "sha256:68cb85467151a3d4aa6ab4e11ca89a87c2404a778dbccb8fb5ae51e998133bb3",
                "sha256:6ef0f80b2ff32ba446c9a2d4bfca6623ab5f0c05d742a0161ea1f7af2dc33b12",
                "sha256:74900b5c7e884e0e4316d4deb746e5dd294b5aaaf90eac056c4f9f19cf2c8097",
                "sha256:75c2d3b83a8300953653ddd7f5190d5ee6072d4a6ee5944db47e92d97344ed92",
                "sha256:76236468509dfcb256fa0fbd5a73708c598b3819695b7d08499ae489c82116b6",
                "sha256:77f0965ca81a9be44694e84aa18e501d5cda49e372202a38a52d22acc38deadd",
                "sha256:788e16711a4530a2a7a8a4cd942f7250fa7f907a3be892b11d8eb51ec697739a",
                "sha256:8017f2213810c3e57d9ab64c2328c593a1129b25804240108a6451fe35cde193",
                "sha256:81de6b5fcb4fbbbfc71c6d201a2ac6914d1d86e51930ffde5f96faf50e922473",
                "sha256:8466260e6a334f7743dc0646abf39ad68afc2be7b3e76d0313d4afe1146beca8",
                "sha256:89f909a6783307c2f067e8e7948f38ec43386f15d04759d11e5b32e3b2fdf3d8",
                "sha256:8f7ca38699557ab057333f1628a346073ae6088c09897b2cd9fbc68f4896780c",
                "sha256:901c03817306eac7edd589f09e0e07467871b45f665949cc4caa645b54abc97b",
                "sha256:908e4b8c35041aa800b51094fd9fbaa5d6161bfb71e55821f43c6433f54e2865",
                "sha256:90f8bd963ae43a44036af5d689d090fab0e3eb52861186e4d2b863dd910a2726",
                "sha256:91b43099b123363c8935a264acffb4c7e5c8dba3390f9b2bf19ff76597677a31",
                "sha256:9abc71a62bf8a8f1d70a6fd3613f86feb37ddb67e05ed934e734df79e27bf4f6",
                "sha256:a11ef4b5ab0a2f36e35f44af394bff41cb645b03ce36c5b2f2c00873f112661f",
                "sha256:aefc2afd146733e3ec8b33474bfb832c9281dd106309a216a20bade19dc0e95f",
                "sha256:b0e1781f7fb8b4015e318d839d66fa79e98900d53900e31d04edb336e0103846",
                "sha256:b0f4411fd479345ca86742d9dda77200476a902749d8e47ed438f31ec98af418",
                "sha256:b2de66142cf780ee7c797b7c35e488d67bccdf2de98178ac12a4038c490c44ea",
                "sha256:b676f6cb2c4990ea56c8de1f154582d1fb8cfc44bc9c6522a3182df080bdb128",
                "sha256:bc61ab7f45dddbb2df2fca93565c575c0b035337d1e13ce2868c092ff24e9c47",
                "sha256:bda6ce04a77662e77a4b6b2598211935ca281e1cf663248d54bce75bd684fed8",
                "sha256:c36895abaef3a4004af6c5020ca214fcdacb2a491e4cde5576afbb1dad903548",
                "sha256:c49aa659ecfe46a93a7057bca42208bfd123c2fcbdfd4a28eb1f9b8189260b68",
                "sha256:c5f7ee9ce8e3373fdb7002497f16bc652d9d4acf20c91275877f55165caf6f0c",
                "sha256:cb835b81624a72830e5ebebde26b93ab5ee812de648386a47d13dfbf64b348c7",
                "sha256:cc99bb16b359023190bf857297f6492a1c8441ccacff66dac881c9e278f5c262",
                "sha256:cce33c262ad86a84b741d8f1c6e87eb8a98e424f6c2f9ebdf9a4a9b72b7ad214",
                "sha256:cd6edc7af885755163f4ffb29639c14f8a4ad5cca13ed641e47aa11f9646d8b6",
                "sha256:ce6f99554dae15c48cd89a12d5aede77a92a8bd184b45d0b257a17c97e053cdb",
                "sha256:cea09ccc3efa5b92ab18d3ae8636836edce2c421d67ed4409761da090e230e5a",
                "sha256:cfdbc74d5c4b5fdeef58a246d80f7dbf4ca33fe741c889505a4a350dd2eb54fb",
                "sha256:d358744d2a68d04df435f1838fd6d3c000cac5e2e668aba50e3e25fb2eb6ca75",
                "sha256:d80c745d285dfc9889e856226daa8eee6f9e83025ef2cb97e5fe0b1396f7818a",
                "sha256:d93f7173dcbec61b928f4cf800bf26535f81ef3b7bd89199237207f6ca7e4f43",
                "sha256:dacf0b9e5d776fde69b92d68c09ab878a09486629e1fe8e6ae851252b0f33ce5",
                "sha256:df0dd435562654e27ad0c7d045074eb1e1e016b09167dd48a258dec1ce4b9127",
                "sha256:e283c3e9255850d66152adbf580744d38c840d399141b98d64d359cb97cbc128",
                "sha256:e384430363d400c4ffb33fe65f22a61c9f288a870158dc5a9f5c9d917b7250c7",
                "sha256:e47d4fe13ddfc63fd1961974e10f3c7d50a57ae0bb73974e465cfe95dad5da18",
                "sha256:e4bf11067d290a7f45c0be73232093820ab62954aad4dbc77884cf6b87a11d84",
                "sha256:e4ddb57e71e2b8aca2c685b94b8587dc7d7cfae3c529a7c4076ba0775eb28d4a",
                "sha256:ecbc265cbe8b7b88755f421e0ba25f084091ec550c2b90ff9e8ddd4fcd540311",
                "sha256:ef3b43b1a4d4df8ea542487cda888138eaac4707db46bbca0f7bb78d97a06323",
                "sha256:f336dd2dc308928d54a6fdce137814a941a3633ad6722919d7a3142dd99005c2",
                "sha256:f39917c9e9bea895384b1a8869159d808b4a53561af9b4f7c3148bdf6bfd97a0",
                "sha256:f4d294fcd2551fb5b41d5f478a08e8945382e1d86d7d40320d02594922d6b667",
                "sha256:f90042665e0a23613938bfd0f51ce9c37143b954f00ad02d40a33553397bcf73",
                "sha256:f9356fffebf723ccfbf0f9370d3725de37b3e2f1f6bffc40c3466f854542861c",
                "sha256:fd082e13ca92bbd7a4ec65d9fbd9ef06ecd71798ce9f036b7144b3d498623a7e",
                "sha256:fd32f311633fad21a52e750775cd4ea23da912199c63d1331f4d8ae00ab0874b"
            ],
            "version": "==0.15.0"
        },
        "idna": {
            "hashes": [
                "sha256:a7db850025b95ded1eae8a46181a1a6c56c92c96f0e2b005d9ff8dc0210cab44",
                "sha256:ab7ae7122974553370f0bdb919e1a960b2cd1bc1ef0276416d896db81c14582c"
            ],
            "markers": "python_version >= '3.9'",
            "version": "==3.20"
        },
        "opentelemetry-api": {
            "hashes": [
                "sha256:711ede81773c8025c2c03dac0450bc89f3d30aea6eabcc815c570d4e35a963f7",
                "sha256:80e068aba7cd56c8b58512d6a36f8d25cb1dfaa0c0a4cc1c938ccf9f362d9cb3"
            ],
            "markers": "python_version >= '3.10'",
            "version": "==1.45.0"
        },
        "prometheus-client": {
            "hashes": [
                "sha256:04a91bcf94e2cf74a44a1a874d651a2e853ed354b6e822f3b7487751465d5c2b",
                "sha256:fa93d06737aa02bacd05794768508bb97d2fbee28cb3bca04eaae92f0ca953d6"
            ],
            "index": "pypi",
            "markers": "python_version >= '3.9'",
            "version": "==0.26.0"
        },
        "pydantic": {
            "hashes": [
                "sha256:346a034f080da3755d8e9cb5e00e8b07de1d39e4f6e2c87d8ab7cafa0b269a73",
                "sha256:51a9c5f7b2f8e636f04c6cada605d9b6a3bf1348fdf945a3d8869b19bba0ee08"
            ],
            "markers": "python_version >= '3.9'",
            "version": "==2.13.5"
        },
        "pydantic-core": {
            "hashes": [
                "sha256:013d6f3483d81e02e7c328831808f336c8596ee33b4bd4026b9ffb1e960b8942",
                "sha256:03b9666e41e35d8909852ba191a0607520f81b74eaf12ccf8737005dbb313821",
                "sha256:045ab3b6d308439e32b81cc173bba5b9018bc6ed896afd0c65b3b009b1699af5",
                "sha256:0bddb4020d8f04175865ccd17eff3040874fc11fb593f424edb452653b4b947c",
                "sha256:0cdbada856a1c69a7624a64d3d9aefe79300bd6ef827b43a4f265010b9b55184",
                "sha256:0fc5be0abd4a407e200d844b404e33639a554e7bd0d448e7b9ae181be4789ac2",
                "sha256:10416c15b8839ecc4ef4d0885da76da6fd0f67333a0eb8aff6d93c4b8f2910fc",
                "sha256:15f4a94963c95accac15b7b657bb177d3ad82bb90b0d0526d9a9b85079925db5",
                "sha256:18a09e1e1011b462f2e32774f25859ef1223d5c2b0546a633cf56654710721e0",
                "sha256:193375f3548919d3f0b60936ca113ada3e38f264f91b9b8e0508efaad57be931",
                "sha256:1a353f84de772f423b5ffb11d7ae352fbbef0f446f3c0b0af0f8236d7233606e",
                "sha256:1e449def1945a462c464331254e5a44fca7c3b4f9aedf59ec2f50f8066dd8e25",
                "sha256:1e5aad1220a1192c42341c8fd4a8686657e73ab2a920c970bdc4de334fe3193d",
                "sha256:200aa3dc9f8d54f0754f43247c0bad0999fdcfbfd2488384dd44f37279271fe6",
                "sha256:2471fd51c61c610e1dcf7de44d7299283661654d11264ab4802b303368d69c47",
                "sha256:24922243639cbdac66c75fcb6fd6495a9cb52b213d62f9a0d16f0310b1ff8038",
                "sha256:28a6a556cd3b6066bea827857f9d9cce027c96f776e512f544a581f9e42161f8",
                "sha256:2bc9419666990c06d7397831f2126a1ecc3594aaa3ff7de5bf2d066802f4e07b",
                "sha256:2cbd9a5eff05e51c447c34dfa4632145b26b09120cf04bd0c871e44c1a5e1c9a",
                "sha256:2d330aaba8621b1edcec8ae2c4050f63b84ccf6d98723a8f212e9684713abf0e",
                "sha256:2d5d76654becf5efd62c9e51c3756c67b49498b0c9a40884934c40807adbd074",
                "sha256:337639ba62a11acde6ef3aeb08c8ea755f8ef1fe5e513356c0f36a2b0d7568b0",
                "sha256:347ec774390c87326a2e4929d58d3f7e8763a104d5d35f4cd595a4c952366433",
                "sha256:356c8368cbc321050b169595683a2e1d63413b1e0e2868b330af9fc14c616d3f",
                "sha256:37ae34309d7bd8c0d61ab839668058f2a7962ea1fc51d105d2db228fe0618034",
                "sha256:37ea7b83c935e5b0d68c9449b82651accf78a10828b2c02b2f2d9e9496446c21",
                "sha256:3a3e26b6a8274211bddee2d0e4d0d42778f17a34510f49d2ec44b58abfc41736",
                "sha256:3aa166e99c4f2985407fb8714aebede877ecb5455cf321b606adca926d30d5a0",
                "sha256:3d2652072b2d774947ba5cf78a9e59644ac62ee572daf6dd2e1dfe905e15b2b7",
                "sha256:40375c2d05acec10323e45dfe2077ac44bc74659008614af5069034e2cfc781c",
                "sha256:413a717a410d0c817ef5b786a059415550b3794e1d0c2abffd9efb93a3d9f7b4",
                "sha256:46c25dda9d092a06c08db76ffe0a197107904d0dfac653f7d5306bbcd6d6119c",
                "sha256:49776eab08766a08dfff7012f8b422dcd7e25e43b316eedf0477c24fcfa84b7c",
                "sha256:4d44cf99ddebf875f9b68cc267aa684c99b7b44fe63ee1cac4ec163807290069",
                "sha256:4dedce55295becb61921e386b99d4f2706045306e7fa52249a33004c837379fb",
                "sha256:4f8507560a9284e1370bb048ed4282012fbef4e8d109875b95e884d228552061",
                "sha256:4fdc8b93a41521988916eeaa271173fcca7fa0803d62f87675aac8dcec1c8e29",
                "sha256:5086029a57366b8cf81b130a43908738095c270c21a8d7f0e8bdfdb89718e2f3",
                "sha256:52e24eacdb536cade636aa90fb851835222becff8484b7001fdc78cb0290f2aa",
                "sha256:53feb344243bb9510a9dec7bf3cf1b64d88a98af5dc7872a5160465f8b198c8e",
                "sha256:545f26c504b27c3758439a5e6d9349931f0a04f855668d5fe323c89e82300a38",
                "sha256:54d510bac3ee52247af28ed4bb18a1e799f040ac60fd2bf5ccd4c92f1fbe786f",
                "sha256:5cb482e9e84c851f4e623fe4acc1ced89168cf1fe18f7089db4548c8f5bbb65b",
                "sha256:5e81740c09e310f5aa5cbd3e434a01c154d4bef93241c7877b39f211d2b78ba8",
                "sha256:5ee239d575f80b08eca11f6e20f90c4c695de7825c67eefe6091fbf20dda648e",
                "sha256:5f194189415698233dd1114a093a9b56e61e2c57e11b469be3b0506f46f0771c",
                "sha256:5f93c5fe914d75fbec9a49209b00da5f08e9e467d69da2b1510c81940cfd10be",
                "sha256:657b40d6240c0a7b6a64b30f22d1e3aa631c7e846c621b0c0f6d1d75e2e15ea6",
                "sha256:6d30e1a4f138b8951063e9a394752a9179b51da288ffa507b1e659222f4c1793",
                "sha256:6f7b393a8b3da82f5c1fc0751e6d01ac6c55b93c18226a60bdfba4a724efafd1",
                "sha256:701b2e04b560eeb4bddf7a25ab8ca476176e34fdbd9a0e18196f0d12d4685f0b",
                "sha256:771cf63ae0b1b50dd22e5f3e3549fab5f3f4ff1635d352a9e1a97fe01c7b2e64",
                "sha256:79bdfa52f843137045b2d081cc05c120ba6665d29b7559c2c47690906f39279f",
                "sha256:7ac031912d54f3d83ef3b3eb98dfabc1608802e2202263d25957eeed40b94761",
                "sha256:7b0fc826b16c55e561e5d2a0c5c77b051ba1d92808118c4e4b5390f5e0cf191d",
                "sha256:7c6be839a5a8312626b32029a415644a0846b420bc8b52b95b28cd92da162168",
                "sha256:816ff0a6550ffc06c098ccd2e0698600f9aa7da192a79eaa6f9af504a35db869",
                "sha256:82a36973cf8a2ef5406f4fe2edbf8ed0c99629535d959e0b100c76a32535a111",
                "sha256:837b396ca3d7b74091ca623f6cbd8351bd42d670a79c2683e79fb089f06a2de5",
                "sha256:850a08d167dde16db8702c274f320c7be9d7da6f6dff2b58b18f9e815bd94f5b",
                "sha256:8816f3d218beb4b787de5c9759c259b8fa61f9dec42dc7811f320a33771778b7",
                "sha256:892a881d5f68c2b9ea304b7a6c2c60d9343df578a311b0f86b94bc8f1ffe8129",
                "sha256:895395f8918627b04efb1ad2a4cf605387143300ba03304cd1dfa6d03f5e095e",
                "sha256:8b10e3e8fd7ddc2bd915848a2768e44c15b22936f1cc54c462ad1164deb02655",
                "sha256:8e24d8f05fa2d28513d94e877e9c75ad66175376209b3977f916e240e623193c",
                "sha256:8feeac04b5794e513e710af2f9c87d49f31a6dc47967bb264a1fed61a8989bec",
                "sha256:9432f3598db432cb51c5b37fdbf29a60fcccc79e30d37a05022776a6bc4ab689",
                "sha256:976e1128455aa595ea04c79ccfedff1aaeab96ee013fcc916bed120c4f0ad94f",
                "sha256:978e7b97d4824b5be09c69fb70507cbde3b0323fc147332ca40a94d9a6a0ebbf",
                "sha256:97bf8de4d541598c94a59344eeb988a94c08ff76b5723c41f6567ec18c7892ea",
                "sha256:97cf3eb53a8cccacf9d46686a0926186c9bfb5574f2ed66d3639d5fe117cd3a9",
                "sha256:9b68938dd5b0c783d88ff8e2dcc69451b5eb936fe212d516b21b9d5567f6d464",
                "sha256:9c4b71f10dd532fb7a5cbc8f58707779e64f03a258c2bf8bfbaecfcd9970b519",
                "sha256:9f47b8a949e60f027f0aa0a6f6c7b7e9c55cbf4380d10b344e282fa4e7ab1e1b",
                "sha256:a1dee1b804ff4d11c663636cf15d2ea47e9f79cd56c033fb1cbf08924842a48f",
                "sha256:a2468d93d181667a7abd66e1b64bb9f76f361b0fef8faddf687456453576f5ee",
                "sha256:a2a5e1d0ff29adddc9f6d6821a66302e4493f8ca898b715b6b1182c2c201ea0a",
                "sha256:a39ac25a9a2fa4072efdb429833c4a4c8009a51ff9eea3eeae131713cd27991e",
                "sha256:a445486499897b88a7d6c310c88ed64dd37b1b59bfd7ae9107490bbb362f47d6",
                "sha256:a91c17edf6eea2402cb5457b4c89e99bc5ed1004aa34c4adf1d4258c1a5c22c2",
                "sha256:ab4b66edffb32d9e951efb3814bd104b8367a7501b81b955cacb5726d897389f",
                "sha256:aca6c767f552b21b10f774aeac128e828eafb796adfa1b666a18bf6321453c3a",
                "sha256:acf8a67ba51f4ca9ddbd0e6b3000a65ac51ab734661778b3e7ba64d99a710f2f",
                "sha256:b10ec717381bdbfafef34607824db4c91de69ff085e4fca3b2af91b4fa17e68a",
                "sha256:b49924c73a235e969511bf2aabdff3beebf9820931f646c80274d5d780010c47",
                "sha256:b6acfb46a814762367fb7ba0828b0a17d441b92ce249a0e007474c9072662dda",
                "sha256:b7ca9034437b6022f941f4857459562ee00a560b97e7cce8a0ec5a74fc6766e0",
                "sha256:b98134087d9de723658d17a42c7d0da8d6e2ef08015dee7dc93889047315f5e4",
                "sha256:b9fe6fb92520e3fd61f2e49000b6911b188824f089b75973ea06d6267f0b476d",
                "sha256:bce57638e08ac148e5778cce7feb968307a727d66f8e2274a543d0cf0c9ad6a3",
                "sha256:c14ad3bdc85ee7f318742c457ca3968a92126d144b15721c759033bfb06296c2",
                "sha256:c1c43ad4339643d70ebb8124e1305a7dab423001eff58bb41a0f731adbc98355",
                "sha256:c3471e5c4a949c26ec00a77f01df59096aa9495877de76fd60a980f8ee6be461",
                "sha256:c583b927a8838dab890706a6fa7573fbb8b70e24000ef9f7238e2d6f6435a5ed",
                "sha256:c76fe65e607be28c7fd4d56fc3c42b1583aa058ce3408b7ad0fd540171d31f9f",
                "sha256:c7ea57fc63aa7da93a1bd2d644e6577befae10c52c4e36377635eea1056a74f5",
                "sha256:cd5214352ae68f3b5e9af7768bdc5253695ee069675db3480518420b3be881f2",
                "sha256:cdbb78909f52b981d3b2d56b97328d71eb0b974c36bd77c920123a7ebb192829",
                "sha256:cdc8b74ecc48c0cb1e9607a05ec4e9e88db60a19ffcc9a1d5f9088ede40c8dc0",
                "sha256:d0a24b40877af2de4950252be9d21eaf7fb07660f3c2cae1f56c6b599ada5266",
                "sha256:d22a945598fb91236b4dd793a6e42e4f3dd7740bb5aace5ebd7d4c08d13bb575",
                "sha256:d2f9fc07a8042a8f95925b35c4f04f469707c981fc33245b6ca187cf5d2dd290",
                "sha256:d625a186a65201c23a9e3b8ed9c47e90a026e03256608cc91851c6709096844f",
                "sha256:d925f3d9afd05a8c0fb3a1031463a8d59ebe5e2afad297e29c78be19e13b4e62",
                "sha256:e64e88d5585bea9ce95861079de72006c7fa6d3df4e3a3b65ba31eb979c15c9f",
                "sha256:e652ab17569c94bff5475520f907b7148b8c24036a8ebbe5cf7cf7493d28579a",
                "sha256:e7b891faeedeafba41b2983e5001a81b6a915b69544c7e7570d1989ce1c36ac7",
                "sha256:e80675d75ae2cd14372cb65cad5400d9347a3d3f6c13000183f22dfd027283ed",
                "sha256:e9c134bb666dd54b778b9fc0d2b50cbb7f979b9e3716f26a88c9ab3b6fc1dd0f",
                "sha256:eb7d8d0e5886a89a55d2eef490e272fa965a9d57c6b29a5b5088a7997ec2cad1",
                "sha256:ecb42011e12ee19cafbc312887cbf3546959fe02fbad44f272d4be5baa997615",
                "sha256:ef3fbbf161dc9351a2fe0422e51b129f9e97e42385bd0320b309c15f7d287dd8",
                "sha256:efd62a42486f1bda5d24cb4f63d15a3c7768375fe83d36f9417b4ad7a2fb20b3",
                "sha256:f077d0b97ab11fa7dcc633fca53515f290bca8a8a633e966d5b6d1879d9ed01a",
                "sha256:f332f0e72a5a0400141f830744e141bf9f97917878dbe968669e8a7fefea78ff",
                "sha256:f7b0ec93a2893de856652154d73b7ba622f26fa97726487dcac373de5f4c6084",
                "sha256:fa10ef4112775900e7a0661068635eb67b2ab824fbde764de6e0e21982a93db0",
                "sha256:fc5d783bd4a2387e97b8a2d5ec781cfb92b3d893bf82370548e99db5915935d3",
                "sha256:fc8515076c11f3cfdf4fb142dcca0fe384b1230a3b5415458ac84f3e0903ec13",
                "sha256:ff218293c9c806138dca139765e3b067621be52bcd93cdc14c7711be7ddc90a9"
            ],
            "markers": "python_version >= '3.9'",
            "version": "==2.46.5"
        },
        "starlette": {
            "hashes": [
                "sha256:67f8e99895493dd2911a03f11314af6ceebeae4e704bb9f43dfc6a9db151c93e",
                "sha256:c79f74ea63cff761804fbbfb182f1e0b440c2d07b164d24700c5a1bab5d6ff5d"
            ],
            "markers": "python_version >= '3.10'",
            "version": "==1.7.0"
        },
        "typing-extensions": {
            "hashes": [
                "sha256:481caa481374e813c1b176ada14e97f1f67a4539ce9cfeb3f350d78d6370c2e8",
                "sha256:dc983d19a509c94dba722ee6abd33940f7c05a89e243c47e907eb4db6f1a43e5"
            ],
            "markers": "python_version >= '3.9'",
            "version": "==4.16.0"
        },
        "typing-inspection": {
            "hashes": [
                "sha256:547274fa6b0a561ccf549cc9524b999a578e737d015d8709d021f9d0d13bea47",
                "sha256:65b8397ba37ccbce054456aaccddfc91e6e3083c92824df348d96ca832f3f147"
            ],
            "markers": "python_version >= '3.10'",
            "version": "==0.4.4"
        },
        "uvicorn": {
            "hashes": [
                "sha256:505bdb0f318731d45f1f712071fc781a8981f6847a31c902c9f5e652d4f67faf",
                "sha256:a2e33cbfaa0306f8e6b0c13e0cb89d7d7a2da3e62b90c66e18c33d9807b28620"
            ],
            "index": "pypi",
            "markers": "python_version >= '3.10'",
            "version": "==0.54.0"
        }
    },
    "develop": {
        "anyio": {
            "hashes": [
                "sha256:08b310f9e24a9594186fd75b4f73f4a4152069e3853f1ed8bfbf58369f4ad708",
                "sha256:334b70e641fd2221c1505b3890c69882fe4a2df910cba14d97019b90b24439dc"
            ],
            "markers": "python_version >= '3.10'",
            "version": "==4.13.0"
        },
        "astroid": {
            "hashes": [
                "sha256:366c99c2907b6407869b1bbfd8abb10f3aea5818309e9c93c9b9c93ecf14bc4f",
                "sha256:d03854b09d92c08e18d8e7d9185d393961186ed0747136d8fcb2d1c008a504ec"
            ],
            "markers": "python_full_version >= '3.10.0'",
            "version": "==4.3.3"
        },
        "certifi": {
            "hashes": [
                "sha256:3cb2210c8f88ba2318d29b0388d1023c8492ff72ecdde4ebdaddbb13a31b1c4a",
                "sha256:8d455352a37b71bf76a79caa83a3d6c25afee4a385d632127b6afb3963f1c580"
            ],
            "markers": "python_version >= '3.7'",
            "version": "==2026.4.22"
        },
        "dill": {
            "hashes": [
                "sha256:1e1ce33e978ae97fcfcff5638477032b801c46c7c65cf717f95fbc2248f79a9d",
                "sha256:423092df4182177d4d8ba8290c8a5b640c66ab35ec7da59ccfa00f6fa3eea5fa"
            ],
            "markers": "python_version >= '3.9'",
            "version": "==0.4.1"
        },
        "h11": {
            "hashes": [
                "sha256:4e35b956cf45792e4caa5885e69fba00bdbc6ffafbfa020300e549b208ee5ff1",
                "sha256:63cf8bbe7522de3bf65932fda1d9c2772064ffb3dae62d55932da54b31cb6c86"
            ],
            "markers": "python_version >= '3.8'",
            "version": "==0.16.0"
        },
        "httpcore": {
            "hashes": [
                "sha256:2d400746a40668fc9dec9810239072b40b4484b640a8c38fd654a024c7a1bf55",
                "sha256:6e34463af53fd2ab5d807f399a9b45ea31c3dfa2276f15a2c3f00afff6e176e8"
            ],
            "markers": "python_version >= '3.8'",
            "version": "==1.0.9"
        },
        "httpx": {
            "hashes": [
                "sha256:75e98c5f16b0f35b567856f597f06ff2270a374470a5c2392242528e3e3e42fc",
                "sha256:d909fcccc110f8c7faf814ca82a9a4d816bc5a6dbfea25d6591d6985b8ba59ad"
            ],
            "index": "pypi",
            "markers": "python_version >= '3.8'",
            "version": "==0.28.1"
        },
        "idna": {
            "hashes": [
                "sha256:585ea8fe5d69b9181ec1afba340451fba6ba764af97026f92a91d4eef164a242",
                "sha256:892ea0cde124a99ce773decba204c5552b69c3c67ffd5f232eb7696135bc8bb3"
            ],
            "markers": "python_version >= '3.8'",
            "version": "==3.13"
        },
        "iniconfig": {
            "hashes": [
                "sha256:c76315c77db068650d49c5b56314774a7804df16fee4402c1f19d6d15d8c4730",
                "sha256:f631c04d2c48c52b84d0d0549c99ff3859c98df65b3101406327ecc7d53fbf12"
            ],
            "markers": "python_version >= '3.10'",
            "version": "==2.3.0"
        },
        "isort": {
            "hashes": [
                "sha256:11da67a30f5a88383c71db075488ca3d081f427f53368f90bb1d74e958a9b040",
                "sha256:16436aefeebe3aa2d5d7ae1ca895b2278f770fc4a41d95c22569a30f7413ec45",
                "sha256:1c134ef9d94943eae14bf31c634db1904dd875e6e7280a60baee10ca06132db6",
                "sha256:288a320e6d52ba2d3447345390c8a8400591e4033ffbe4ce6bc3e50e5b4818e1",
                "sha256:29669ea6c410528ffe3b632a41835757f08282257e4ddac892a5e6d01bd35201",
                "sha256:2a960e4252ac5b00f78adc0f731529e122657ee642e650896b36e1ff83028023",
                "sha256:3cd67d39c3501d7227e8b229476da1d8679c03e0af97bd295876cf7070e5b709",
                "sha256:3fe693c1e56781de387a6c206306e9e5e560cfeb4acdfd85f0c46122afd48792",
                "sha256:4315e23e701bb1fcdfd364da59da61d78c3332c554318b7eb635ea3924d24c5e",
                "sha256:5c929e8ec9d9fb83f034d5f50895503f40c624605f552b97ad090a37e62407ca",
                "sha256:5f448510ef0a92fa626a975759d76bdbe3b721c3d615da6d1010cc451de5610d",
                "sha256:67b12d9504e5bc6359bb3bb4493f36cf1093d15477c61c349f52f7d04209fb5d",
                "sha256:6c29deeb39698a8717823b7f75b2ac58c5e8ab8dcf6cf31205a72a6617fb454e",
                "sha256:6eb3e714d64de6eba78ee29051f7fc80613c74e90c6f54f84082f59c429c0a0b",
                "sha256:71870ac3b1afdf3c259b8404c05076d3ab874122fec6f78339f1c92d2c29b012",
                "sha256:810561edf6f1f5f3600f02aa709603a4360d5290c5fff2ae4b370090dd1a5445",
                "sha256:85e859fd72e50c27306d05185f9472ed97fae9e1cce91c0e891260d16f2ecece",
                "sha256:8dde4e2d9cfb35390437353f0861ec41378f91ff958d8cd3051fb95cae59315a",
                "sha256:91b60ce3d96fcb0730d61fc5ab84ee5b56d676fbb92550f7ea333f58778f2f20",
                "sha256:a05dc63cb6ae2a8e62ec4184153f424b1650593e00a24e6138184c46193891e9",
                "sha256:a36f30b6b85d9726f79c7623d35f3e966d5d7d9d0a005af91ba19988fccd038b",
                "sha256:aa810daf72ff5d8ade462b2190dad9c0e16d6d428a3f9aea210f14cca2487d58",
                "sha256:af8be0b5cac101202c8255360e5de832ebbb84b2e863dc0f65dbb1a3d63dd40a",
                "sha256:b34a165cd4e25726930ed2eed8cf2fe46fb1a5ebacd9b28eaf566b343a6457ca",
                "sha256:b3e81cae981a52f94d5b31a474e1cbb033ea9cc850bc4c922117c0534a1864dd",
                "sha256:bd8c4fb9829a5e7117d9f71f540ff1e8caafb471e574012057ce6dc35fda2d7b",
                "sha256:bf3ef0a91974f29f406e25eef0e04781fd5c2254b8ab55e7655b20d8cd7c5514",
                "sha256:cd1e0e5e61497e95a4e5be269088e6a1013f530aeccf6ebd6134f403285ecd63",
                "sha256:d03c68e9d0a83b51ed381d04b0919f2d918fb66c1ca1766761157ff44149366f",
                "sha256:d2298980ce44350f11d9d24c8150eaef1883431ec203dddbb4e9b5c3ceb54c70",
                "sha256:d4da51a99dfd00e5c51e507ed91ebad6aafd44dc65135c17e2ef37355cd9fa98",
                "sha256:e2636222848a48cadbd712280058b5da19fa147c501132e04a486a5bddcc9e28",
                "sha256:e4a54aed1bb731d7cf80ef5dfbae5b960f777cea70523b751ee6049bcb604371",
                "sha256:e5f11c7ccd5f079ac0431fe52c7b38ea5d9f4e31a1889746de81dac0e7b0a766",
                "sha256:f65ff614632ddc3306c40f619717b3b3ca69938ffee21d97110056d52472c79a",
                "sha256:f7a9efeb3689c7327a0d637eb4e12691e8d5ab1297caee997b144dc595ccb93f",
                "sha256:f7c2fa33e1c9fbcf9fd639997e4550515c0b712b52ed70a059124a5247825480"
            ],
            "markers": "python_full_version >= '3.10.0'",
            "version": "==9.0.2"
        },
        "mccabe": {
            "hashes": [
                "sha256:348e0240c33b60bbdf4e523192ef919f28cb2c3d7d5c7794f74009290f236325",
                "sha256:6c2d30ab6be0e4a46919781807b4f0d834ebdd6c6e3dca0bda5a15f863427b6e"
            ],
            "markers": "python_version >= '3.6'",
            "version": "==0.7.0"
        },
        "mypy-extensions": {
            "hashes": [
                "sha256:1be4cccdb0f2482337c4743e60421de3a356cd97508abadd57d47403e94f5505",
                "sha256:52e68efc3284861e772bbcd66823fde5ae21fd2fdb51c62a211403730b916558"
            ],
            "markers": "python_version >= '3.8'",
            "version": "==1.1.0"
        },
        "packaging": {
            "hashes": [
                "sha256:5fc45236b9446107ff2415ce77c807cee2862cb6fac22b8a73826d0693b0980e",
                "sha256:ff452ff5a3e828ce110190feff1178bb1f2ea2281fa2075aadb987c2fb221661"
            ],
            "markers": "python_version >= '3.8'",
            "version": "==26.2"
        },
        "platformdirs": {
            "hashes": [
                "sha256:080f3b39423b5abfca9a23d84c4e9795f54d395cd8459867a8ded44084fcd5f8",
                "sha256:427fc0bb321ae0c5b037fa03238ca74820437be162e78b4848c4d4055b9b766c"
            ],
            "markers": "python_version >= '3.10'",
            "version": "==4.12.3"
        },
        "pluggy": {
            "hashes": [
                "sha256:7dcc130b76258d33b90f61b658791dede3486c3e6bfb003ee5c9bfb396dd22f3",
                "sha256:e920276dd6813095e9377c0bc5566d94c932c33b27a3e3945d8389c374dd4746"
            ],
            "markers": "python_version >= '3.9'",
            "version": "==1.6.0"
        },
        "pygments": {
            "hashes": [
                "sha256:6757cd03768053ff99f3039c1a36d6c0aa0b263438fcab17520b30a303a82b5f",
                "sha256:81a9e26dd42fd28a23a2d169d86d7ac03b46e2f8b59ed4698fb4785f946d0176"
            ],
            "markers": "python_version >= '3.9'",
            "version": "==2.20.0"
        },
        "pylint": {
            "hashes": [
                "sha256:47538540de0a563ff0b6cb781330944b0c9c1a130986ad1c183116ed37ec4538",
                "sha256:84901850af1c67240afbe7b0ef696b7ab391ed4838e4ffc48511661026ebc565"
            ],
            "index": "pypi",
            "markers": "python_full_version >= '3.10.0'",
            "version": "==4.1.1"
        },
        "pytest": {
            "hashes": [
                "sha256:1088fbde8f2b49d95a549a195707afa7a76a3ce9bcadc26b6d71f0ffda5fe313",
                "sha256:37a86b45efb9a47a61a36449063e8e18d0cab3161329fc099eb21783169c4f0c"
            ],
            "index": "pypi",
            "markers": "python_version >= '3.10'",
            "version": "==9.1.1"
        },
        "tomlkit": {
            "hashes": [
                "sha256:177a05aece5a8ca5266fd3c448abb47b8d352f09d477d3ca8332db4d89b24304",
                "sha256:e25bbf38843005246210a12982776f27f99cb9be67160e14434d0c0d21ee1e97"
            ],
            "markers": "python_version >= '3.9'",
            "version": "==0.15.1"
        }
    }
}
